{
  "version": 4,
  "terraform_version": "1.0.6",
  "serial": 5,
  "lineage": "b2ae4fd8-7074-71e6-034b-18b3d1d949b2",
  "outputs": {},
  "resources": [
    {
      "mode": "managed",
      "type": "docker_image",
      "name": "rearc",
      "provider": "provider[\"registry.terraform.io/kreuzwerker/docker\"]",
      "instances": [
        {
          "schema_version": 0,
          "attributes": {
            "build": [
              {
                "build_arg": {},
                "dockerfile": "Dockerfile",
                "force_remove": false,
                "label": {
                  "author": "Stephen Reilly"
                },
                "no_cache": false,
                "path": ".",
                "remove": true,
                "tag": [
                  "rearc:TwelveFactor"
                ],
                "target": ""
              }
            ],
            "force_remove": null,
            "id": "sha256:d7f9480f9c61ffa06c35c6b292befdfcf565834069fcedb075791e417d60362drearc",
            "keep_locally": null,
            "latest": "sha256:d7f9480f9c61ffa06c35c6b292befdfcf565834069fcedb075791e417d60362d",
            "name": "rearc",
            "output": null,
            "pull_trigger": null,
            "pull_triggers": null,
            "repo_digest": ""
          },
          "sensitive_attributes": [],
          "private": "bnVsbA=="
        }
      ]
    }
  ]
}
